// !$*UTF8*$!
{
	archiveVersion = 1;
	classes = {
	};
	objectVersion = 46;
	objects = {

/* Begin PBXBuildFile section */
		872EAF5D192A86C70014523C /* Foundation.framework in Frameworks */ = {isa = PBXBuildFile; fileRef = 872EAF5C192A86C70014523C /* Foundation.framework */; };
		872EAF5F192A86C70014523C /* CoreGraphics.framework in Frameworks */ = {isa = PBXBuildFile; fileRef = 872EAF5E192A86C70014523C /* CoreGraphics.framework */; };
		872EAF61192A86C70014523C /* UIKit.framework in Frameworks */ = {isa = PBXBuildFile; fileRef = 872EAF60192A86C70014523C /* UIKit.framework */; };
		872EAF67192A86C70014523C /* InfoPlist.strings in Resources */ = {isa = PBXBuildFile; fileRef = 872EAF65192A86C70014523C /* InfoPlist.strings */; };
		872EAF69192A86C70014523C /* main.m in Sources */ = {isa = PBXBuildFile; fileRef = 872EAF68192A86C70014523C /* main.m */; };
		872EAF6D192A86C70014523C /* AppDelegate.m in Sources */ = {isa = PBXBuildFile; fileRef = 872EAF6C192A86C70014523C /* AppDelegate.m */; };
		872EAF6F192A86C70014523C /* Images.xcassets in Resources */ = {isa = PBXBuildFile; fileRef = 872EAF6E192A86C70014523C /* Images.xcassets */; };
		872EAF76192A86C70014523C /* XCTest.framework in Frameworks */ = {isa = PBXBuildFile; fileRef = 872EAF75192A86C70014523C /* XCTest.framework */; };
		872EAF77192A86C70014523C /* Foundation.framework in Frameworks */ = {isa = PBXBuildFile; fileRef = 872EAF5C192A86C70014523C /* Foundation.framework */; };
		872EAF78192A86C70014523C /* UIKit.framework in Frameworks */ = {isa = PBXBuildFile; fileRef = 872EAF60192A86C70014523C /* UIKit.framework */; };
		872EAF80192A86C70014523C /* InfoPlist.strings in Resources */ = {isa = PBXBuildFile; fileRef = 872EAF7E192A86C70014523C /* InfoPlist.strings */; };
		872EAF82192A86C70014523C /* Aula2Desafio2Tests.m in Sources */ = {isa = PBXBuildFile; fileRef = 872EAF81192A86C70014523C /* Aula2Desafio2Tests.m */; };
/* End PBXBuildFile section */

/* Begin PBXContainerItemProxy section */
		872EAF79192A86C70014523C /* PBXContainerItemProxy */ = {
			isa = PBXContainerItemProxy;
			containerPortal = 872EAF51192A86C70014523C /* Project object */;
			proxyType = 1;
			remoteGlobalIDString = 872EAF58192A86C70014523C;
			remoteInfo = Aula2Desafio2;
		};
/* End PBXContainerItemProxy section */

/* Begin PBXFileReference section */
		872EAF59192A86C70014523C /* Aula2Desafio2.app */ = {isa = PBXFileReference; explicitFileType = wrapper.application; includeInIndex = 0; path = Aula2Desafio2.app; sourceTree = BUILT_PRODUCTS_DIR; };
		872EAF5C192A86C70014523C /* Foundation.framework */ = {isa = PBXFileReference; lastKnownFileType = wrapper.framework; name = Foundation.framework; path = System/Library/Frameworks/Foundation.framework; sourceTree = SDKROOT; };
		872EAF5E192A86C70014523C /* CoreGraphics.framework */ = {isa = PBXFileReference; lastKnownFileType = wrapper.framework; name = CoreGraphics.framework; path = System/Library/Frameworks/CoreGraphics.framework; sourceTree = SDKROOT; };
		872EAF60192A86C70014523C /* UIKit.framework */ = {isa = PBXFileReference; lastKnownFileType = wrapper.framework; name = UIKit.framework; path = System/Library/Frameworks/UIKit.framework; sourceTree = SDKROOT; };
		872EAF64192A86C70014523C /* Aula2Desafio2-Info.plist */ = {isa = PBXFileReference; lastKnownFileType = text.plist.xml; path = "Aula2Desafio2-Info.plist"; sourceTree = "<group>"; };
		872EAF66192A86C70014523C /* en */ = {isa = PBXFileReference; lastKnownFileType = text.plist.strings; name = en; path = en.lproj/InfoPlist.strings; sourceTree = "<group>"; };
		872EAF68192A86C70014523C /* main.m */ = {isa = PBXFileReference; lastKnownFileType = sourcecode.c.objc; path = main.m; sourceTree = "<group>"; };
		872EAF6A192A86C70014523C /* Aula2Desafio2-Prefix.pch */ = {isa = PBXFileReference; lastKnownFileType = sourcecode.c.h; path = "Aula2Desafio2-Prefix.pch"; sourceTree = "<group>"; };
		872EAF6B192A86C70014523C /* AppDelegate.h */ = {isa = PBXFileReference; lastKnownFileType = sourcecode.c.h; path = AppDelegate.h; sourceTree = "<group>"; };
		872EAF6C192A86C70014523C /* AppDelegate.m */ = {isa = PBXFileReference; lastKnownFileType = sourcecode.c.objc; path = AppDelegate.m; sourceTree = "<group>"; };
		872EAF6E192A86C70014523C /* Images.xcassets */ = {isa = PBXFileReference; lastKnownFileType = folder.assetcatalog; path = Images.xcassets; sourceTree = "<group>"; };
		872EAF74192A86C70014523C /* Aula2Desafio2Tests.xctest */ = {isa = PBXFileReference; explicitFileType = wrapper.cfbundle; includeInIndex = 0; path = Aula2Desafio2Tests.xctest; sourceTree = BUILT_PRODUCTS_DIR; };
		872EAF75192A86C70014523C /* XCTest.framework */ = {isa = PBXFileReference; lastKnownFileType = wrapper.framework; name = XCTest.framework; path = Library/Frameworks/XCTest.framework; sourceTree = DEVELOPER_DIR; };
		872EAF7D192A86C70014523C /* Aula2Desafio2Tests-Info.plist */ = {isa = PBXFileReference; lastKnownFileType = text.plist.xml; path = "Aula2Desafio2Tests-Info.plist"; sourceTree = "<group>"; };
		872EAF7F192A86C70014523C /* en */ = {isa = PBXFileReference; lastKnownFileType = text.plist.strings; name = en; path = en.lproj/InfoPlist.strings; sourceTree = "<group>"; };
		872EAF81192A86C70014523C /* Aula2Desafio2Tests.m */ = {isa = PBXFileReference; lastKnownFileType = sourcecode.c.objc; path = Aula2Desafio2Tests.m; sourceTree = "<group>"; };
/* End PBXFileReference section */

/* Begin PBXFrameworksBuildPhase section */
		872EAF56192A86C70014523C /* Frameworks */ = {
			isa = PBXFrameworksBuildPhase;
			buildActionMask = 2147483647;
			files = (
				872EAF5F192A86C70014523C /* CoreGraphics.framework in Frameworks */,
				872EAF61192A86C70014523C /* UIKit.framework in Frameworks */,
				872EAF5D192A86C70014523C /* Foundation.framework in Frameworks */,
			);
			runOnlyForDeploymentPostprocessing = 0;
		};
		872EAF71192A86C70014523C /* Frameworks */ = {
			isa = PBXFrameworksBuildPhase;
			buildActionMask = 2147483647;
			files = (
				872EAF76192A86C70014523C /* XCTest.framework in Frameworks */,
				872EAF78192A86C70014523C /* UIKit.framework in Frameworks */,
				872EAF77192A86C70014523C /* Foundation.framework in Frameworks */,
			);
			runOnlyForDeploymentPostprocessing = 0;
		};
/* End PBXFrameworksBuildPhase section */

/* Begin PBXGroup section */
		872EAF50192A86C70014523C = {
			isa = PBXGroup;
			children = (
				872EAF62192A86C70014523C /* Aula2Desafio2 */,
				872EAF7B192A86C70014523C /* Aula2Desafio2Tests */,
				872EAF5B192A86C70014523C /* Frameworks */,
				872EAF5A192A86C70014523C /* Products */,
			);
			sourceTree = "<group>";
		};
		872EAF5A192A86C70014523C /* Products */ = {
			isa = PBXGroup;
			children = (
				872EAF59192A86C70014523C /* Aula2Desafio2.app */,
				872EAF74192A86C70014523C /* Aula2Desafio2Tests.xctest */,
			);
			name = Products;
			sourceTree = "<group>";
		};
		872EAF5B192A86C70014523C /* Frameworks */ = {
			isa = PBXGroup;
			children = (
				872EAF5C192A86C70014523C /* Foundation.framework */,
				872EAF5E192A86C70014523C /* CoreGraphics.framework */,
				872EAF60192A86C70014523C /* UIKit.framework */,
				872EAF75192A86C70014523C /* XCTest.framework */,
			);
			name = Frameworks;
			sourceTree = "<group>";
		};
		872EAF62192A86C70014523C /* Aula2Desafio2 */ = {
			isa = PBXGroup;
			children = (
				872EAF6B192A86C70014523C /* AppDelegate.h */,
				872EAF6C192A86C70014523C /* AppDelegate.m */,
				872EAF6E192A86C70014523C /* Images.xcassets */,
				872EAF63192A86C70014523C /* Supporting Files */,
			);
			path = Aula2Desafio2;
			sourceTree = "<group>";
		};
		872EAF63192A86C70014523C /* Supporting Files */ = {
			isa = PBXGroup;
			children = (
				872EAF64192A86C70014523C /* Aula2Desafio2-Info.plist */,
				872EAF65192A86C70014523C /* InfoPlist.strings */,
				872EAF68192A86C70014523C /* main.m */,
				872EAF6A192A86C70014523C /* Aula2Desafio2-Prefix.pch */,
			);
			name = "Supporting Files";
			sourceTree = "<group>";
		};
		872EAF7B192A86C70014523C /* Aula2Desafio2Tests */ = {
			isa = PBXGroup;
			children = (
				872EAF81192A86C70014523C /* Aula2Desafio2Tests.m */,
				872EAF7C192A86C70014523C /* Supporting Files */,
			);
			path = Aula2Desafio2Tests;
			sourceTree = "<group>";
		};
		872EAF7C192A86C70014523C /* Supporting Files */ = {
			isa = PBXGroup;
			children = (
				872EAF7D192A86C70014523C /* Aula2Desafio2Tests-Info.plist */,
				872EAF7E192A86C70014523C /* InfoPlist.strings */,
			);
			name = "Supporting Files";
			sourceTree = "<group>";
		};
/* End PBXGroup section */

/* Begin PBXNativeTarget section */
		872EAF58192A86C70014523C /* Aula2Desafio2 */ = {
			isa = PBXNativeTarget;
			buildConfigurationList = 872EAF85192A86C70014523C /* Build configuration list for PBXNativeTarget "Aula2Desafio2" */;
			buildPhases = (
				872EAF55192A86C70014523C /* Sources */,
				872EAF56192A86C70014523C /* Frameworks */,
				872EAF57192A86C70014523C /* Resources */,
			);
			buildRules = (
			);
			dependencies = (
			);
			name = Aula2Desafio2;
			productName = Aula2Desafio2;
			productReference = 872EAF59192A86C70014523C /* Aula2Desafio2.app */;
			productType = "com.apple.product-type.application";
		};
		872EAF73192A86C70014523C /* Aula2Desafio2Tests */ = {
			isa = PBXNativeTarget;
			buildConfigurationList = 872EAF88192A86C70014523C /* Build configuration list for PBXNativeTarget "Aula2Desafio2Tests" */;
			buildPhases = (
				872EAF70192A86C70014523C /* Sources */,
				872EAF71192A86C70014523C /* Frameworks */,
				872EAF72192A86C70014523C /* Resources */,
			);
			buildRules = (
			);
			dependencies = (
				872EAF7A192A86C70014523C /* PBXTargetDependency */,
			);
			name = Aula2Desafio2Tests;
			productName = Aula2Desafio2Tests;
			productReference = 872EAF74192A86C70014523C /* Aula2Desafio2Tests.xctest */;
			productType = "com.apple.product-type.bundle.unit-test";
		};
/* End PBXNativeTarget section */

/* Begin PBXProject section */
		872EAF51192A86C70014523C /* Project object */ = {
			isa = PBXProject;
			attributes = {
				LastUpgradeCheck = 0510;
				ORGANIZATIONNAME = "Adalto William dos Reis";
				TargetAttributes = {
					872EAF73192A86C70014523C = {
						TestTargetID = 872EAF58192A86C70014523C;
					};
				};
			};
			buildConfigurationList = 872EAF54192A86C70014523C /* Build configuration list for PBXProject "Aula2Desafio2" */;
			compatibilityVersion = "Xcode 3.2";
			developmentRegion = English;
			hasScannedForEncodings = 0;
			knownRegions = (
				en,
			);
			mainGroup = 872EAF50192A86C70014523C;
			productRefGroup = 872EAF5A192A86C70014523C /* Products */;
			projectDirPath = "";
			projectRoot = "";
			targets = (
				872EAF58192A86C70014523C /* Aula2Desafio2 */,
				872EAF73192A86C70014523C /* Aula2Desafio2Tests */,
			);
		};
/* End PBXProject section */

/* Begin PBXResourcesBuildPhase section */
		872EAF57192A86C70014523C /* Resources */ = {
			isa = PBXResourcesBuildPhase;
			buildActionMask = 2147483647;
			files = (
				872EAF67192A86C70014523C /* InfoPlist.strings in Resources */,
				872EAF6F192A86C70014523C /* Images.xcassets in Resources */,
			);
			runOnlyForDeploymentPostprocessing = 0;
		};
		872EAF72192A86C70014523C /* Resources */ = {
			isa = PBXResourcesBuildPhase;
			buildActionMask = 2147483647;
			files = (
				872EAF80192A86C70014523C /* InfoPlist.strings in Resources */,
			);
			runOnlyForDeploymentPostprocessing = 0;
		};
/* End PBXResourcesBuildPhase section */

/* Begin PBXSourcesBuildPhase section */
		872EAF55192A86C70014523C /* Sources */ = {
			isa = PBXSourcesBuildPhase;
			buildActionMask = 2147483647;
			files = (
				872EAF6D192A86C70014523C /* AppDelegate.m in Sources */,
				872EAF69192A86C70014523C /* main.m in Sources */,
			);
			runOnlyForDeploymentPostprocessing = 0;
		};
		872EAF70192A86C70014523C /* Sources */ = {
			isa = PBXSourcesBuildPhase;
			buildActionMask = 2147483647;
			files = (
				872EAF82192A86C70014523C /* Aula2Desafio2Tests.m in Sources */,
			);
			runOnlyForDeploymentPostprocessing = 0;
		};
/* End PBXSourcesBuildPhase section */

/* Begin PBXTargetDependency section */
		872EAF7A192A86C70014523C /* PBXTargetDependency */ = {
			isa = PBXTargetDependency;
			target = 872EAF58192A86C70014523C /* Aula2Desafio2 */;
			targetProxy = 872EAF79192A86C70014523C /* PBXContainerItemProxy */;
		};
/* End PBXTargetDependency section */

/* Begin PBXVariantGroup section */
		872EAF65192A86C70014523C /* InfoPlist.strings */ = {
			isa = PBXVariantGroup;
			children = (
				872EAF66192A86C70014523C /* en */,
			);
			name = InfoPlist.strings;
			sourceTree = "<group>";
		};
		872EAF7E192A86C70014523C /* InfoPlist.strings */ = {
			isa = PBXVariantGroup;
			children = (
				872EAF7F192A86C70014523C /* en */,
			);
			name = InfoPlist.strings;
			sourceTree = "<group>";
		};
/* End PBXVariantGroup section */

/* Begin XCBuildConfiguration section */
		872EAF83192A86C70014523C /* Debug */ = {
			isa = XCBuildConfiguration;
			buildSettings = {
				ALWAYS_SEARCH_USER_PATHS = NO;
				CLANG_CXX_LANGUAGE_STANDARD = "gnu++0x";
				CLANG_CXX_LIBRARY = "libc++";
				CLANG_ENABLE_MODULES = YES;
				CLANG_ENABLE_OBJC_ARC = YES;
				CLANG_WARN_BOOL_CONVERSION = YES;
				CLANG_WARN_CONSTANT_CONVERSION = YES;
				CLANG_WARN_DIRECT_OBJC_ISA_USAGE = YES_ERROR;
				CLANG_WARN_EMPTY_BODY = YES;
				CLANG_WARN_ENUM_CONVERSION = YES;
				CLANG_WARN_INT_CONVERSION = YES;
				CLANG_WARN_OBJC_ROOT_CLASS = YES_ERROR;
				CLANG_WARN__DUPLICATE_METHOD_MATCH = YES;
				"CODE_SIGN_IDENTITY[sdk=iphoneos*]" = "iPhone Developer";
				COPY_PHASE_STRIP = NO;
				GCC_C_LANGUAGE_STANDARD = gnu99;
				GCC_DYNAMIC_NO_PIC = NO;
				GCC_OPTIMIZATION_LEVEL = 0;
				GCC_PREPROCESSOR_DEFINITIONS = (
					"DEBUG=1",
					"$(inherited)",
				);
				GCC_SYMBOLS_PRIVATE_EXTERN = NO;
				GCC_WARN_64_TO_32_BIT_CONVERSION = YES;
				GCC_WARN_ABOUT_RETURN_TYPE = YES_ERROR;
				GCC_WARN_UNDECLARED_SELECTOR = YES;
				GCC_WARN_UNINITIALIZED_AUTOS = YES_AGGRESSIVE;
				GCC_WARN_UNUSED_FUNCTION = YES;
				GCC_WARN_UNUSED_VARIABLE = YES;
				IPHONEOS_DEPLOYMENT_TARGET = 7.1;
				ONLY_ACTIVE_ARCH = YES;
				SDKROOT = iphoneos;
				TARGETED_DEVICE_FAMILY = "1,2";
			};
			name = Debug;
		};
		872EAF84192A86C70014523C /* Release */ = {
			isa = XCBuildConfiguration;
			buildSettings = {
				ALWAYS_SEARCH_USER_PATHS = NO;
				CLANG_CXX_LANGUAGE_STANDARD = "gnu++0x";
				CLANG_CXX_LIBRARY = "libc++";
				CLANG_ENABLE_MODULES = YES;
				CLANG_ENABLE_OBJC_ARC = YES;
				CLANG_WARN_BOOL_CONVERSION = YES;
				CLANG_WARN_CONSTANT_CONVERSION = YES;
				CLANG_WARN_DIRECT_OBJC_ISA_USAGE = YES_ERROR;
				CLANG_WARN_EMPTY_BODY = YES;
				CLANG_WARN_ENUM_CONVERSION = YES;
				CLANG_WARN_INT_CONVERSION = YES;
				CLANG_WARN_OBJC_ROOT_CLASS = YES_ERROR;
				CLANG_WARN__DUPLICATE_METHOD_MATCH = YES;
				"CODE_SIGN_IDENTITY[sdk=iphoneos*]" = "iPhone Developer";
				COPY_PHASE_STRIP = YES;
				ENABLE_NS_ASSERTIONS = NO;
				GCC_C_LANGUAGE_STANDARD = gnu99;
				GCC_WARN_64_TO_32_BIT_CONVERSION = YES;
				GCC_WARN_ABOUT_RETURN_TYPE = YES_ERROR;
				GCC_WARN_UNDECLARED_SELECTOR = YES;
				GCC_WARN_UNINITIALIZED_AUTOS = YES_AGGRESSIVE;
				GCC_WARN_UNUSED_FUNCTION = YES;
				GCC_WARN_UNUSED_VARIABLE = YES;
				IPHONEOS_DEPLOYMENT_TARGET = 7.1;
				SDKROOT = iphoneos;
				TARGETED_DEVICE_FAMILY = "1,2";
				VALIDATE_PRODUCT = YES;
			};
			name = Release;
		};
		872EAF86192A86C70014523C /* Debug */ = {
			isa = XCBuildConfiguration;
			buildSettings = {
				ASSETCATALOG_COMPILER_APPICON_NAME = AppIcon;
				ASSETCATALOG_COMPILER_LAUNCHIMAGE_NAME = LaunchImage;
				GCC_PRECOMPILE_PREFIX_HEADER = YES;
				GCC_PREFIX_HEADER = "Aula2Desafio2/Aula2Desafio2-Prefix.pch";
				INFOPLIST_FILE = "Aula2Desafio2/Aula2Desafio2-Info.plist";
				PRODUCT_NAME = "$(TARGET_NAME)";
				WRAPPER_EXTENSION = app;
			};
			name = Debug;
		};
		872EAF87192A86C70014523C /* Release */ = {
			isa = XCBuildConfiguration;
			buildSettings = {
				ASSETCATALOG_COMPILER_APPICON_NAME = AppIcon;
				ASSETCATALOG_COMPILER_LAUNCHIMAGE_NAME = LaunchImage;
				GCC_PRECOMPILE_PREFIX_HEADER = YES;
				GCC_PREFIX_HEADER = "Aula2Desafio2/Aula2Desafio2-Prefix.pch";
				INFOPLIST_FILE = "Aula2Desafio2/Aula2Desafio2-Info.plist";
				PRODUCT_NAME = "$(TARGET_NAME)";
				WRAPPER_EXTENSION = app;
			};
			name = Release;
		};
		872EAF89192A86C70014523C /* Debug */ = {
			isa = XCBuildConfiguration;
			buildSettings = {
				BUNDLE_LOADER = "$(BUILT_PRODUCTS_DIR)/Aula2Desafio2.app/Aula2Desafio2";
				FRAMEWORK_SEARCH_PATHS = (
					"$(SDKROOT)/Developer/Library/Frameworks",
					"$(inherited)",
					"$(DEVELOPER_FRAMEWORKS_DIR)",
				);
				GCC_PRECOMPILE_PREFIX_HEADER = YES;
				GCC_PREFIX_HEADER = "Aula2Desafio2/Aula2Desafio2-Prefix.pch";
				GCC_PREPROCESSOR_DEFINITIONS = (
					"DEBUG=1",
					"$(inherited)",
				);
				INFOPLIST_FILE = "Aula2Desafio2Tests/Aula2Desafio2Tests-Info.plist";
				PRODUCT_NAME = "$(TARGET_NAME)";
				TEST_HOST = "$(BUNDLE_LOADER)";
				WRAPPER_EXTENSION = xctest;
			};
			name = Debug;
		};
		872EAF8A192A86C70014523C /* Release */ = {
			isa = XCBuildConfiguration;
			buildSettings = {
				BUNDLE_LOADER = "$(BUILT_PRODUCTS_DIR)/Aula2Desafio2.app/Aula2Desafio2";
				FRAMEWORK_SEARCH_PATHS = (
					"$(SDKROOT)/Developer/Library/Frameworks",
					"$(inherited)",
					"$(DEVELOPER_FRAMEWORKS_DIR)",
				);
				GCC_PRECOMPILE_PREFIX_HEADER = YES;
				GCC_PREFIX_HEADER = "Aula2Desafio2/Aula2Desafio2-Prefix.pch";
				INFOPLIST_FILE = "Aula2Desafio2Tests/Aula2Desafio2Tests-Info.plist";
				PRODUCT_NAME = "$(TARGET_NAME)";
				TEST_HOST = "$(BUNDLE_LOADER)";
				WRAPPER_EXTENSION = xctest;
			};
			name = Release;
		};
/* End XCBuildConfiguration section */

/* Begin XCConfigurationList section */
		872EAF54192A86C70014523C /* Build configuration list for PBXProject "Aula2Desafio2" */ = {
			isa = XCConfigurationList;
			buildConfigurations = (
				872EAF83192A86C70014523C /* Debug */,
				872EAF84192A86C70014523C /* Release */,
			);
			defaultConfigurationIsVisible = 0;
			defaultConfigurationName = Release;
		};
		872EAF85192A86C70014523C /* Build configuration list for PBXNativeTarget "Aula2Desafio2" */ = {
			isa = XCConfigurationList;
			buildConfigurations = (
				872EAF86192A86C70014523C /* Debug */,
				872EAF87192A86C70014523C /* Release */,
			);
			defaultConfigurationIsVisible = 0;
		};
		872EAF88192A86C70014523C /* Build configuration list for PBXNativeTarget "Aula2Desafio2Tests" */ = {
			isa = XCConfigurationList;
			buildConfigurations = (
				872EAF89192A86C70014523C /* Debug */,
				872EAF8A192A86C70014523C /* Release */,
			);
			defaultConfigurationIsVisible = 0;
		};
/* End XCConfigurationList section */
	};
	rootObject = 872EAF51192A86C70014523C /* Project object */;
}
